
Microsoft Visual Studio Solution File, Format Version 12.00
# Visual Studio Version 16
VisualStudioVersion = 16.0.30406.217
MinimumVisualStudioVersion = 10.0.40219.1
Project("{FAE04EC0-301F-11D3-BF4B-00C04F79EFBC}") = "AplikasiInputDataMahasiswa", "AplikasiInputDataMahasiswa\AplikasiInputDataMahasiswa.csproj", "{59750B93-1F6B-4C0E-B857-8EF8C1BD66B5}"
EndProject
Global
	GlobalSection(SolutionConfigurationPlatforms) = preSolution
		Debug|Any CPU = Debug|Any CPU
		Release|Any CPU = Release|Any CPU
	EndGlobalSection
	GlobalSection(ProjectConfigurationPlatforms) = postSolution
		{59750B93-1F6B-4C0E-B857-8EF8C1BD66B5}.Debug|Any CPU.ActiveCfg = Debug|Any CPU
		{59750B93-1F6B-4C0E-B857-8EF8C1BD66B5}.Debug|Any CPU.Build.0 = Debug|Any CPU
		{59750B93-1F6B-4C0E-B857-8EF8C1BD66B5}.Release|Any CPU.ActiveCfg = Release|Any CPU
		{59750B93-1F6B-4C0E-B857-8EF8C1BD66B5}.Release|Any CPU.Build.0 = Release|Any CPU
	EndGlobalSection
	GlobalSection(SolutionProperties) = preSolution
		HideSolutionNode = FALSE
	EndGlobalSection
	GlobalSection(ExtensibilityGlobals) = postSolution
		SolutionGuid = {CE1FDBDD-8F52-4701-B24A-9E797BB89DA6}
	EndGlobalSection
EndGlobal
